{
  "version": 4,
  "terraform_version": "1.13.3",
  "serial": 5,
  "lineage": "a8252d35-3672-21d7-b758-02dfe49d258c",
  "outputs": {},
  "resources": [
    {
      "mode": "managed",
      "type": "aws_s3_bucket",
      "name": "state_file_bucket",
      "provider": "provider[\"registry.terraform.io/hashicorp/aws\"]",
      "instances": [
        {
          "schema_version": 0,
          "attributes": {
            "acceleration_status": "",
            "acl": null,
            "arn": "arn:aws:s3:::statefilebucket286",
            "bucket": "statefilebucket286",
            "bucket_domain_name": "statefilebucket286.s3.amazonaws.com",
            "bucket_prefix": "",
            "bucket_region": "af-south-1",
            "bucket_regional_domain_name": "statefilebucket286.s3.af-south-1.amazonaws.com",
            "cors_rule": [],
            "force_destroy": false,
            "grant": [
              {
                "id": "398c4363094abf22f70902d6c29f9b05cc8cf4498044969535632917f42e20e3",
                "permissions": [
                  "FULL_CONTROL"
                ],
                "type": "CanonicalUser",
                "uri": ""
              }
            ],
            "hosted_zone_id": "Z83WF9RJE8B12",
            "id": "statefilebucket286",
            "lifecycle_rule": [],
            "logging": [],
            "object_lock_configuration": [],
            "object_lock_enabled": false,
            "policy": "",
            "region": "af-south-1",
            "replication_configuration": [],
            "request_payer": "BucketOwner",
            "server_side_encryption_configuration": [
              {
                "rule": [
                  {
                    "apply_server_side_encryption_by_default": [
                      {
                        "kms_master_key_id": "",
                        "sse_algorithm": "AES256"
                      }
                    ],
                    "bucket_key_enabled": false
                  }
                ]
              }
            ],
            "tags": {
              "Environment": "Dev",
              "name": "Terraform backend state file bucket"
            },
            "tags_all": {
              "Environment": "Dev",
              "name": "Terraform backend state file bucket"
            },
            "timeouts": null,
            "versioning": [
              {
                "enabled": false,
                "mfa_delete": false
              }
            ],
            "website": [],
            "website_domain": null,
            "website_endpoint": null
          },
          "sensitive_attributes": [],
          "identity_schema_version": 0,
          "identity": {
            "account_id": "288761756960",
            "bucket": "statefilebucket286",
            "region": "af-south-1"
          },
          "private": "eyJlMmJmYjczMC1lY2FhLTExZTYtOGY4OC0zNDM2M2JjN2M0YzAiOnsiY3JlYXRlIjoxMjAwMDAwMDAwMDAwLCJkZWxldGUiOjM2MDAwMDAwMDAwMDAsInJlYWQiOjEyMDAwMDAwMDAwMDAsInVwZGF0ZSI6MTIwMDAwMDAwMDAwMH19"
        }
      ]
    },
    {
      "mode": "managed",
      "type": "aws_s3_bucket_server_side_encryption_configuration",
      "name": "s3_server_encryption",
      "provider": "provider[\"registry.terraform.io/hashicorp/aws\"]",
      "instances": [
        {
          "schema_version": 0,
          "attributes": {
            "bucket": "statefilebucket286",
            "expected_bucket_owner": "",
            "id": "statefilebucket286",
            "region": "af-south-1",
            "rule": [
              {
                "apply_server_side_encryption_by_default": [
                  {
                    "kms_master_key_id": "",
                    "sse_algorithm": "AES256"
                  }
                ],
                "bucket_key_enabled": null
              }
            ]
          },
          "sensitive_attributes": [],
          "identity_schema_version": 0,
          "identity": {
            "account_id": "288761756960",
            "bucket": "statefilebucket286",
            "expected_bucket_owner": null,
            "region": "af-south-1"
          },
          "private": "bnVsbA==",
          "dependencies": [
            "aws_s3_bucket.state_file_bucket"
          ]
        }
      ]
    },
    {
      "mode": "managed",
      "type": "aws_s3_bucket_versioning",
      "name": "stateFile_Versions",
      "provider": "provider[\"registry.terraform.io/hashicorp/aws\"]",
      "instances": [
        {
          "schema_version": 0,
          "attributes": {
            "bucket": "statefilebucket286",
            "expected_bucket_owner": "",
            "id": "statefilebucket286",
            "mfa": null,
            "region": "af-south-1",
            "versioning_configuration": [
              {
                "mfa_delete": "",
                "status": "Enabled"
              }
            ]
          },
          "sensitive_attributes": [],
          "identity_schema_version": 0,
          "identity": {
            "account_id": "288761756960",
            "bucket": "statefilebucket286",
            "expected_bucket_owner": null,
            "region": "af-south-1"
          },
          "private": "bnVsbA==",
          "dependencies": [
            "aws_s3_bucket.state_file_bucket"
          ]
        }
      ]
    }
  ],
  "check_results": null
}
